// !$*UTF8*$!
{
	archiveVersion = 1;
	classes = {
	};
	objectVersion = 55;
	objects = {

/* Begin PBXBuildFile section */
		1F5246EA288FEFF70092DCB6 /* AppDelegate.swift in Sources */ = {isa = PBXBuildFile; fileRef = 1F5246E9288FEFF70092DCB6 /* AppDelegate.swift */; };
		1F5246EC288FEFF70092DCB6 /* SceneDelegate.swift in Sources */ = {isa = PBXBuildFile; fileRef = 1F5246EB288FEFF70092DCB6 /* SceneDelegate.swift */; };
		1F5246EE288FEFF70092DCB6 /* OrdersListViewController.swift in Sources */ = {isa = PBXBuildFile; fileRef = 1F5246ED288FEFF70092DCB6 /* OrdersListViewController.swift */; };
		1F5246F1288FEFF70092DCB6 /* Main.storyboard in Resources */ = {isa = PBXBuildFile; fileRef = 1F5246EF288FEFF70092DCB6 /* Main.storyboard */; };
		1F5246F3288FEFFC0092DCB6 /* Assets.xcassets in Resources */ = {isa = PBXBuildFile; fileRef = 1F5246F2288FEFFC0092DCB6 /* Assets.xcassets */; };
		1F5246F6288FEFFC0092DCB6 /* LaunchScreen.storyboard in Resources */ = {isa = PBXBuildFile; fileRef = 1F5246F4288FEFFC0092DCB6 /* LaunchScreen.storyboard */; };
		1F52471D288FF7BC0092DCB6 /* Order.swift in Sources */ = {isa = PBXBuildFile; fileRef = 1F52471C288FF7BC0092DCB6 /* Order.swift */; };
		1F52471F288FFAC00092DCB6 /* APIRequest.swift in Sources */ = {isa = PBXBuildFile; fileRef = 1F52471E288FFAC00092DCB6 /* APIRequest.swift */; };
		1F524722288FFF9B0092DCB6 /* OrdersService.swift in Sources */ = {isa = PBXBuildFile; fileRef = 1F524721288FFF9B0092DCB6 /* OrdersService.swift */; };
		1F524726289001300092DCB6 /* OrdersListViewModel.swift in Sources */ = {isa = PBXBuildFile; fileRef = 1F524725289001300092DCB6 /* OrdersListViewModel.swift */; };
		1F524729289007400092DCB6 /* OrderTableViewCell.swift in Sources */ = {isa = PBXBuildFile; fileRef = 1F524728289007400092DCB6 /* OrderTableViewCell.swift */; };
		1F52472C289009F40092DCB6 /* OrderTableViewCellViewModel.swift in Sources */ = {isa = PBXBuildFile; fileRef = 1F52472B289009F40092DCB6 /* OrderTableViewCellViewModel.swift */; };
		1F52472E28901B7C0092DCB6 /* ImageDownloader.swift in Sources */ = {isa = PBXBuildFile; fileRef = 1F52472D28901B7C0092DCB6 /* ImageDownloader.swift */; };
		1F52473228901D320092DCB6 /* RandomImageProvider.swift in Sources */ = {isa = PBXBuildFile; fileRef = 1F52473128901D320092DCB6 /* RandomImageProvider.swift */; };
		1FBAA244289026BE0097CACA /* ImageCache.swift in Sources */ = {isa = PBXBuildFile; fileRef = 1FBAA243289026BE0097CACA /* ImageCache.swift */; };
		1FDC62022891641400074E55 /* ImageCacheTests.swift in Sources */ = {isa = PBXBuildFile; fileRef = 1FDC62012891641400074E55 /* ImageCacheTests.swift */; };
		1FDC62032891647500074E55 /* RandomImageProvider.swift in Sources */ = {isa = PBXBuildFile; fileRef = 1F52473128901D320092DCB6 /* RandomImageProvider.swift */; };
		1FDC6207289164F400074E55 /* ImageDownloaderTests.swift in Sources */ = {isa = PBXBuildFile; fileRef = 1FDC6206289164F400074E55 /* ImageDownloaderTests.swift */; };
		1FDC62092891651B00074E55 /* ImageRequesterMock.swift in Sources */ = {isa = PBXBuildFile; fileRef = 1FDC62082891651B00074E55 /* ImageRequesterMock.swift */; };
		1FDC620B289165D500074E55 /* ImageRequestService.swift in Sources */ = {isa = PBXBuildFile; fileRef = 1FDC620A289165D500074E55 /* ImageRequestService.swift */; };
		1FDC620E289168EF00074E55 /* OrdersListViewModelTests.swift in Sources */ = {isa = PBXBuildFile; fileRef = 1FDC620D289168EF00074E55 /* OrdersListViewModelTests.swift */; };
		1FDC62112891690B00074E55 /* OrdersServiceMock.swift in Sources */ = {isa = PBXBuildFile; fileRef = 1FDC62102891690B00074E55 /* OrdersServiceMock.swift */; };
		1FDC621528916E5700074E55 /* OrderTableViewCellViewModelTests.swift in Sources */ = {isa = PBXBuildFile; fileRef = 1FDC621428916E5700074E55 /* OrderTableViewCellViewModelTests.swift */; };
/* End PBXBuildFile section */

/* Begin PBXContainerItemProxy section */
		1F5246FD288FEFFC0092DCB6 /* PBXContainerItemProxy */ = {
			isa = PBXContainerItemProxy;
			containerPortal = 1F5246DE288FEFF70092DCB6 /* Project object */;
			proxyType = 1;
			remoteGlobalIDString = 1F5246E5288FEFF70092DCB6;
			remoteInfo = FlowerPower;
		};
/* End PBXContainerItemProxy section */

/* Begin PBXFileReference section */
		1F5246E6288FEFF70092DCB6 /* FlowerPower.app */ = {isa = PBXFileReference; explicitFileType = wrapper.application; includeInIndex = 0; path = FlowerPower.app; sourceTree = BUILT_PRODUCTS_DIR; };
		1F5246E9288FEFF70092DCB6 /* AppDelegate.swift */ = {isa = PBXFileReference; lastKnownFileType = sourcecode.swift; path = AppDelegate.swift; sourceTree = "<group>"; };
		1F5246EB288FEFF70092DCB6 /* SceneDelegate.swift */ = {isa = PBXFileReference; lastKnownFileType = sourcecode.swift; path = SceneDelegate.swift; sourceTree = "<group>"; };
		1F5246ED288FEFF70092DCB6 /* OrdersListViewController.swift */ = {isa = PBXFileReference; lastKnownFileType = sourcecode.swift; path = OrdersListViewController.swift; sourceTree = "<group>"; };
		1F5246F0288FEFF70092DCB6 /* Base */ = {isa = PBXFileReference; lastKnownFileType = file.storyboard; name = Base; path = Base.lproj/Main.storyboard; sourceTree = "<group>"; };
		1F5246F2288FEFFC0092DCB6 /* Assets.xcassets */ = {isa = PBXFileReference; lastKnownFileType = folder.assetcatalog; path = Assets.xcassets; sourceTree = "<group>"; };
		1F5246F5288FEFFC0092DCB6 /* Base */ = {isa = PBXFileReference; lastKnownFileType = file.storyboard; name = Base; path = Base.lproj/LaunchScreen.storyboard; sourceTree = "<group>"; };
		1F5246F7288FEFFC0092DCB6 /* Info.plist */ = {isa = PBXFileReference; lastKnownFileType = text.plist.xml; path = Info.plist; sourceTree = "<group>"; };
		1F5246FC288FEFFC0092DCB6 /* FlowerPowerTests.xctest */ = {isa = PBXFileReference; explicitFileType = wrapper.cfbundle; includeInIndex = 0; path = FlowerPowerTests.xctest; sourceTree = BUILT_PRODUCTS_DIR; };
		1F52471C288FF7BC0092DCB6 /* Order.swift */ = {isa = PBXFileReference; lastKnownFileType = sourcecode.swift; path = Order.swift; sourceTree = "<group>"; };
		1F52471E288FFAC00092DCB6 /* APIRequest.swift */ = {isa = PBXFileReference; lastKnownFileType = sourcecode.swift; path = APIRequest.swift; sourceTree = "<group>"; };
		1F524721288FFF9B0092DCB6 /* OrdersService.swift */ = {isa = PBXFileReference; lastKnownFileType = sourcecode.swift; path = OrdersService.swift; sourceTree = "<group>"; };
		1F524725289001300092DCB6 /* OrdersListViewModel.swift */ = {isa = PBXFileReference; lastKnownFileType = sourcecode.swift; path = OrdersListViewModel.swift; sourceTree = "<group>"; };
		1F524728289007400092DCB6 /* OrderTableViewCell.swift */ = {isa = PBXFileReference; lastKnownFileType = sourcecode.swift; path = OrderTableViewCell.swift; sourceTree = "<group>"; };
		1F52472B289009F40092DCB6 /* OrderTableViewCellViewModel.swift */ = {isa = PBXFileReference; lastKnownFileType = sourcecode.swift; path = OrderTableViewCellViewModel.swift; sourceTree = "<group>"; };
		1F52472D28901B7C0092DCB6 /* ImageDownloader.swift */ = {isa = PBXFileReference; lastKnownFileType = sourcecode.swift; path = ImageDownloader.swift; sourceTree = "<group>"; };
		1F52473128901D320092DCB6 /* RandomImageProvider.swift */ = {isa = PBXFileReference; lastKnownFileType = sourcecode.swift; name = RandomImageProvider.swift; path = Image/RandomImageProvider.swift; sourceTree = "<group>"; };
		1FBAA243289026BE0097CACA /* ImageCache.swift */ = {isa = PBXFileReference; lastKnownFileType = sourcecode.swift; path = ImageCache.swift; sourceTree = "<group>"; };
		1FDC62012891641400074E55 /* ImageCacheTests.swift */ = {isa = PBXFileReference; lastKnownFileType = sourcecode.swift; path = ImageCacheTests.swift; sourceTree = "<group>"; };
		1FDC6206289164F400074E55 /* ImageDownloaderTests.swift */ = {isa = PBXFileReference; lastKnownFileType = sourcecode.swift; path = ImageDownloaderTests.swift; sourceTree = "<group>"; };
		1FDC62082891651B00074E55 /* ImageRequesterMock.swift */ = {isa = PBXFileReference; lastKnownFileType = sourcecode.swift; path = ImageRequesterMock.swift; sourceTree = "<group>"; };
		1FDC620A289165D500074E55 /* ImageRequestService.swift */ = {isa = PBXFileReference; lastKnownFileType = sourcecode.swift; path = ImageRequestService.swift; sourceTree = "<group>"; };
		1FDC620D289168EF00074E55 /* OrdersListViewModelTests.swift */ = {isa = PBXFileReference; lastKnownFileType = sourcecode.swift; path = OrdersListViewModelTests.swift; sourceTree = "<group>"; };
		1FDC62102891690B00074E55 /* OrdersServiceMock.swift */ = {isa = PBXFileReference; lastKnownFileType = sourcecode.swift; path = OrdersServiceMock.swift; sourceTree = "<group>"; };
		1FDC621428916E5700074E55 /* OrderTableViewCellViewModelTests.swift */ = {isa = PBXFileReference; lastKnownFileType = sourcecode.swift; path = OrderTableViewCellViewModelTests.swift; sourceTree = "<group>"; };
/* End PBXFileReference section */

/* Begin PBXFrameworksBuildPhase section */
		1F5246E3288FEFF70092DCB6 /* Frameworks */ = {
			isa = PBXFrameworksBuildPhase;
			buildActionMask = 2147483647;
			files = (
			);
			runOnlyForDeploymentPostprocessing = 0;
		};
		1F5246F9288FEFFC0092DCB6 /* Frameworks */ = {
			isa = PBXFrameworksBuildPhase;
			buildActionMask = 2147483647;
			files = (
			);
			runOnlyForDeploymentPostprocessing = 0;
		};
/* End PBXFrameworksBuildPhase section */

/* Begin PBXGroup section */
		1F5246DD288FEFF70092DCB6 = {
			isa = PBXGroup;
			children = (
				1F5246E8288FEFF70092DCB6 /* FlowerPower */,
				1F5246FF288FEFFC0092DCB6 /* FlowerPowerTests */,
				1F5246E7288FEFF70092DCB6 /* Products */,
			);
			sourceTree = "<group>";
		};
		1F5246E7288FEFF70092DCB6 /* Products */ = {
			isa = PBXGroup;
			children = (
				1F5246E6288FEFF70092DCB6 /* FlowerPower.app */,
				1F5246FC288FEFFC0092DCB6 /* FlowerPowerTests.xctest */,
			);
			name = Products;
			sourceTree = "<group>";
		};
		1F5246E8288FEFF70092DCB6 /* FlowerPower */ = {
			isa = PBXGroup;
			children = (
				1F5246E9288FEFF70092DCB6 /* AppDelegate.swift */,
				1F5246EB288FEFF70092DCB6 /* SceneDelegate.swift */,
				1F524723289000F20092DCB6 /* UI */,
				1F524719288FF7920092DCB6 /* Networking */,
				1F52472F28901D0F0092DCB6 /* Helpers */,
				1FBAA242289026A50097CACA /* Cache */,
				1F5246EF288FEFF70092DCB6 /* Main.storyboard */,
				1F5246F2288FEFFC0092DCB6 /* Assets.xcassets */,
				1F5246F4288FEFFC0092DCB6 /* LaunchScreen.storyboard */,
				1F5246F7288FEFFC0092DCB6 /* Info.plist */,
			);
			path = FlowerPower;
			sourceTree = "<group>";
		};
		1F5246FF288FEFFC0092DCB6 /* FlowerPowerTests */ = {
			isa = PBXGroup;
			children = (
				1FDC620C289168D800074E55 /* OrdersScreen */,
				1FDC6204289164CF00074E55 /* Requests */,
				1FDC6200289163F900074E55 /* Cache */,
			);
			path = FlowerPowerTests;
			sourceTree = "<group>";
		};
		1F524719288FF7920092DCB6 /* Networking */ = {
			isa = PBXGroup;
			children = (
				1F52471B288FF7A40092DCB6 /* Requests */,
				1F52471A288FF7A00092DCB6 /* Models */,
			);
			path = Networking;
			sourceTree = "<group>";
		};
		1F52471A288FF7A00092DCB6 /* Models */ = {
			isa = PBXGroup;
			children = (
				1F52471C288FF7BC0092DCB6 /* Order.swift */,
			);
			path = Models;
			sourceTree = "<group>";
		};
		1F52471B288FF7A40092DCB6 /* Requests */ = {
			isa = PBXGroup;
			children = (
				1F52471E288FFAC00092DCB6 /* APIRequest.swift */,
				1F524721288FFF9B0092DCB6 /* OrdersService.swift */,
				1FDC620A289165D500074E55 /* ImageRequestService.swift */,
				1F52472D28901B7C0092DCB6 /* ImageDownloader.swift */,
			);
			path = Requests;
			sourceTree = "<group>";
		};
		1F524723289000F20092DCB6 /* UI */ = {
			isa = PBXGroup;
			children = (
				1F524724289001040092DCB6 /* MainScreen */,
			);
			path = UI;
			sourceTree = "<group>";
		};
		1F524724289001040092DCB6 /* MainScreen */ = {
			isa = PBXGroup;
			children = (
				1F52472A289009DC0092DCB6 /* Cells */,
				1F5246ED288FEFF70092DCB6 /* OrdersListViewController.swift */,
				1F524725289001300092DCB6 /* OrdersListViewModel.swift */,
			);
			path = MainScreen;
			sourceTree = "<group>";
		};
		1F52472A289009DC0092DCB6 /* Cells */ = {
			isa = PBXGroup;
			children = (
				1F524728289007400092DCB6 /* OrderTableViewCell.swift */,
				1F52472B289009F40092DCB6 /* OrderTableViewCellViewModel.swift */,
			);
			path = Cells;
			sourceTree = "<group>";
		};
		1F52472F28901D0F0092DCB6 /* Helpers */ = {
			isa = PBXGroup;
			children = (
				1F52473028901D150092DCB6 /* Image */,
			);
			path = Helpers;
			sourceTree = "<group>";
		};
		1F52473028901D150092DCB6 /* Image */ = {
			isa = PBXGroup;
			children = (
				1F52473128901D320092DCB6 /* RandomImageProvider.swift */,
			);
			name = Image;
			sourceTree = "<group>";
		};
		1FBAA242289026A50097CACA /* Cache */ = {
			isa = PBXGroup;
			children = (
				1FBAA243289026BE0097CACA /* ImageCache.swift */,
			);
			path = Cache;
			sourceTree = "<group>";
		};
		1FDC6200289163F900074E55 /* Cache */ = {
			isa = PBXGroup;
			children = (
				1FDC62012891641400074E55 /* ImageCacheTests.swift */,
			);
			path = Cache;
			sourceTree = "<group>";
		};
		1FDC6204289164CF00074E55 /* Requests */ = {
			isa = PBXGroup;
			children = (
				1FDC6205289164DF00074E55 /* ImageDownloader */,
			);
			path = Requests;
			sourceTree = "<group>";
		};
		1FDC6205289164DF00074E55 /* ImageDownloader */ = {
			isa = PBXGroup;
			children = (
				1FDC6206289164F400074E55 /* ImageDownloaderTests.swift */,
				1FDC62082891651B00074E55 /* ImageRequesterMock.swift */,
			);
			path = ImageDownloader;
			sourceTree = "<group>";
		};
		1FDC620C289168D800074E55 /* OrdersScreen */ = {
			isa = PBXGroup;
			children = (
				1FDC620F289168FC00074E55 /* Mock */,
				1FDC620D289168EF00074E55 /* OrdersListViewModelTests.swift */,
				1FDC621428916E5700074E55 /* OrderTableViewCellViewModelTests.swift */,
			);
			path = OrdersScreen;
			sourceTree = "<group>";
		};
		1FDC620F289168FC00074E55 /* Mock */ = {
			isa = PBXGroup;
			children = (
				1FDC62102891690B00074E55 /* OrdersServiceMock.swift */,
			);
			path = Mock;
			sourceTree = "<group>";
		};
/* End PBXGroup section */

/* Begin PBXNativeTarget section */
		1F5246E5288FEFF70092DCB6 /* FlowerPower */ = {
			isa = PBXNativeTarget;
			buildConfigurationList = 1F524710288FEFFC0092DCB6 /* Build configuration list for PBXNativeTarget "FlowerPower" */;
			buildPhases = (
				1F5246E2288FEFF70092DCB6 /* Sources */,
				1F5246E3288FEFF70092DCB6 /* Frameworks */,
				1F5246E4288FEFF70092DCB6 /* Resources */,
			);
			buildRules = (
			);
			dependencies = (
			);
			name = FlowerPower;
			productName = FlowerPower;
			productReference = 1F5246E6288FEFF70092DCB6 /* FlowerPower.app */;
			productType = "com.apple.product-type.application";
		};
		1F5246FB288FEFFC0092DCB6 /* FlowerPowerTests */ = {
			isa = PBXNativeTarget;
			buildConfigurationList = 1F524713288FEFFC0092DCB6 /* Build configuration list for PBXNativeTarget "FlowerPowerTests" */;
			buildPhases = (
				1F5246F8288FEFFC0092DCB6 /* Sources */,
				1F5246F9288FEFFC0092DCB6 /* Frameworks */,
				1F5246FA288FEFFC0092DCB6 /* Resources */,
			);
			buildRules = (
			);
			dependencies = (
				1F5246FE288FEFFC0092DCB6 /* PBXTargetDependency */,
			);
			name = FlowerPowerTests;
			productName = FlowerPowerTests;
			productReference = 1F5246FC288FEFFC0092DCB6 /* FlowerPowerTests.xctest */;
			productType = "com.apple.product-type.bundle.unit-test";
		};
/* End PBXNativeTarget section */

/* Begin PBXProject section */
		1F5246DE288FEFF70092DCB6 /* Project object */ = {
			isa = PBXProject;
			attributes = {
				BuildIndependentTargetsInParallel = 1;
				LastSwiftUpdateCheck = 1320;
				LastUpgradeCheck = 1320;
				TargetAttributes = {
					1F5246E5288FEFF70092DCB6 = {
						CreatedOnToolsVersion = 13.2.1;
					};
					1F5246FB288FEFFC0092DCB6 = {
						CreatedOnToolsVersion = 13.2.1;
						TestTargetID = 1F5246E5288FEFF70092DCB6;
					};
				};
			};
			buildConfigurationList = 1F5246E1288FEFF70092DCB6 /* Build configuration list for PBXProject "FlowerPower" */;
			compatibilityVersion = "Xcode 13.0";
			developmentRegion = en;
			hasScannedForEncodings = 0;
			knownRegions = (
				en,
				Base,
			);
			mainGroup = 1F5246DD288FEFF70092DCB6;
			productRefGroup = 1F5246E7288FEFF70092DCB6 /* Products */;
			projectDirPath = "";
			projectRoot = "";
			targets = (
				1F5246E5288FEFF70092DCB6 /* FlowerPower */,
				1F5246FB288FEFFC0092DCB6 /* FlowerPowerTests */,
			);
		};
/* End PBXProject section */

/* Begin PBXResourcesBuildPhase section */
		1F5246E4288FEFF70092DCB6 /* Resources */ = {
			isa = PBXResourcesBuildPhase;
			buildActionMask = 2147483647;
			files = (
				1F5246F6288FEFFC0092DCB6 /* LaunchScreen.storyboard in Resources */,
				1F5246F3288FEFFC0092DCB6 /* Assets.xcassets in Resources */,
				1F5246F1288FEFF70092DCB6 /* Main.storyboard in Resources */,
			);
			runOnlyForDeploymentPostprocessing = 0;
		};
		1F5246FA288FEFFC0092DCB6 /* Resources */ = {
			isa = PBXResourcesBuildPhase;
			buildActionMask = 2147483647;
			files = (
			);
			runOnlyForDeploymentPostprocessing = 0;
		};
/* End PBXResourcesBuildPhase section */

/* Begin PBXSourcesBuildPhase section */
		1F5246E2288FEFF70092DCB6 /* Sources */ = {
			isa = PBXSourcesBuildPhase;
			buildActionMask = 2147483647;
			files = (
				1F5246EE288FEFF70092DCB6 /* OrdersListViewController.swift in Sources */,
				1F5246EA288FEFF70092DCB6 /* AppDelegate.swift in Sources */,
				1F524729289007400092DCB6 /* OrderTableViewCell.swift in Sources */,
				1FDC620B289165D500074E55 /* ImageRequestService.swift in Sources */,
				1F524722288FFF9B0092DCB6 /* OrdersService.swift in Sources */,
				1F52472C289009F40092DCB6 /* OrderTableViewCellViewModel.swift in Sources */,
				1F52473228901D320092DCB6 /* RandomImageProvider.swift in Sources */,
				1FBAA244289026BE0097CACA /* ImageCache.swift in Sources */,
				1F524726289001300092DCB6 /* OrdersListViewModel.swift in Sources */,
				1F52472E28901B7C0092DCB6 /* ImageDownloader.swift in Sources */,
				1F52471D288FF7BC0092DCB6 /* Order.swift in Sources */,
				1F5246EC288FEFF70092DCB6 /* SceneDelegate.swift in Sources */,
				1F52471F288FFAC00092DCB6 /* APIRequest.swift in Sources */,
			);
			runOnlyForDeploymentPostprocessing = 0;
		};
		1F5246F8288FEFFC0092DCB6 /* Sources */ = {
			isa = PBXSourcesBuildPhase;
			buildActionMask = 2147483647;
			files = (
				1FDC620E289168EF00074E55 /* OrdersListViewModelTests.swift in Sources */,
				1FDC62112891690B00074E55 /* OrdersServiceMock.swift in Sources */,
				1FDC62092891651B00074E55 /* ImageRequesterMock.swift in Sources */,
				1FDC62022891641400074E55 /* ImageCacheTests.swift in Sources */,
				1FDC62032891647500074E55 /* RandomImageProvider.swift in Sources */,
				1FDC6207289164F400074E55 /* ImageDownloaderTests.swift in Sources */,
				1FDC621528916E5700074E55 /* OrderTableViewCellViewModelTests.swift in Sources */,
			);
			runOnlyForDeploymentPostprocessing = 0;
		};
/* End PBXSourcesBuildPhase section */

/* Begin PBXTargetDependency section */
		1F5246FE288FEFFC0092DCB6 /* PBXTargetDependency */ = {
			isa = PBXTargetDependency;
			target = 1F5246E5288FEFF70092DCB6 /* FlowerPower */;
			targetProxy = 1F5246FD288FEFFC0092DCB6 /* PBXContainerItemProxy */;
		};
/* End PBXTargetDependency section */

/* Begin PBXVariantGroup section */
		1F5246EF288FEFF70092DCB6 /* Main.storyboard */ = {
			isa = PBXVariantGroup;
			children = (
				1F5246F0288FEFF70092DCB6 /* Base */,
			);
			name = Main.storyboard;
			sourceTree = "<group>";
		};
		1F5246F4288FEFFC0092DCB6 /* LaunchScreen.storyboard */ = {
			isa = PBXVariantGroup;
			children = (
				1F5246F5288FEFFC0092DCB6 /* Base */,
			);
			name = LaunchScreen.storyboard;
			sourceTree = "<group>";
		};
/* End PBXVariantGroup section */

/* Begin XCBuildConfiguration section */
		1F52470E288FEFFC0092DCB6 /* Debug */ = {
			isa = XCBuildConfiguration;
			buildSettings = {
				ALWAYS_SEARCH_USER_PATHS = NO;
				CLANG_ANALYZER_NONNULL = YES;
				CLANG_ANALYZER_NUMBER_OBJECT_CONVERSION = YES_AGGRESSIVE;
				CLANG_CXX_LANGUAGE_STANDARD = "gnu++17";
				CLANG_CXX_LIBRARY = "libc++";
				CLANG_ENABLE_MODULES = YES;
				CLANG_ENABLE_OBJC_ARC = YES;
				CLANG_ENABLE_OBJC_WEAK = YES;
				CLANG_WARN_BLOCK_CAPTURE_AUTORELEASING = YES;
				CLANG_WARN_BOOL_CONVERSION = YES;
				CLANG_WARN_COMMA = YES;
				CLANG_WARN_CONSTANT_CONVERSION = YES;
				CLANG_WARN_DEPRECATED_OBJC_IMPLEMENTATIONS = YES;
				CLANG_WARN_DIRECT_OBJC_ISA_USAGE = YES_ERROR;
				CLANG_WARN_DOCUMENTATION_COMMENTS = YES;
				CLANG_WARN_EMPTY_BODY = YES;
				CLANG_WARN_ENUM_CONVERSION = YES;
				CLANG_WARN_INFINITE_RECURSION = YES;
				CLANG_WARN_INT_CONVERSION = YES;
				CLANG_WARN_NON_LITERAL_NULL_CONVERSION = YES;
				CLANG_WARN_OBJC_IMPLICIT_RETAIN_SELF = YES;
				CLANG_WARN_OBJC_LITERAL_CONVERSION = YES;
				CLANG_WARN_OBJC_ROOT_CLASS = YES_ERROR;
				CLANG_WARN_QUOTED_INCLUDE_IN_FRAMEWORK_HEADER = YES;
				CLANG_WARN_RANGE_LOOP_ANALYSIS = YES;
				CLANG_WARN_STRICT_PROTOTYPES = YES;
				CLANG_WARN_SUSPICIOUS_MOVE = YES;
				CLANG_WARN_UNGUARDED_AVAILABILITY = YES_AGGRESSIVE;
				CLANG_WARN_UNREACHABLE_CODE = YES;
				CLANG_WARN__DUPLICATE_METHOD_MATCH = YES;
				COPY_PHASE_STRIP = NO;
				DEBUG_INFORMATION_FORMAT = dwarf;
				ENABLE_STRICT_OBJC_MSGSEND = YES;
				ENABLE_TESTABILITY = YES;
				GCC_C_LANGUAGE_STANDARD = gnu11;
				GCC_DYNAMIC_NO_PIC = NO;
				GCC_NO_COMMON_BLOCKS = YES;
				GCC_OPTIMIZATION_LEVEL = 0;
				GCC_PREPROCESSOR_DEFINITIONS = (
					"DEBUG=1",
					"$(inherited)",
				);
				GCC_WARN_64_TO_32_BIT_CONVERSION = YES;
				GCC_WARN_ABOUT_RETURN_TYPE = YES_ERROR;
				GCC_WARN_UNDECLARED_SELECTOR = YES;
				GCC_WARN_UNINITIALIZED_AUTOS = YES_AGGRESSIVE;
				GCC_WARN_UNUSED_FUNCTION = YES;
				GCC_WARN_UNUSED_VARIABLE = YES;
				IPHONEOS_DEPLOYMENT_TARGET = 15.2;
				MTL_ENABLE_DEBUG_INFO = INCLUDE_SOURCE;
				MTL_FAST_MATH = YES;
				ONLY_ACTIVE_ARCH = YES;
				SDKROOT = iphoneos;
				SWIFT_ACTIVE_COMPILATION_CONDITIONS = DEBUG;
				SWIFT_OPTIMIZATION_LEVEL = "-Onone";
			};
			name = Debug;
		};
		1F52470F288FEFFC0092DCB6 /* Release */ = {
			isa = XCBuildConfiguration;
			buildSettings = {
				ALWAYS_SEARCH_USER_PATHS = NO;
				CLANG_ANALYZER_NONNULL = YES;
				CLANG_ANALYZER_NUMBER_OBJECT_CONVERSION = YES_AGGRESSIVE;
				CLANG_CXX_LANGUAGE_STANDARD = "gnu++17";
				CLANG_CXX_LIBRARY = "libc++";
				CLANG_ENABLE_MODULES = YES;
				CLANG_ENABLE_OBJC_ARC = YES;
				CLANG_ENABLE_OBJC_WEAK = YES;
				CLANG_WARN_BLOCK_CAPTURE_AUTORELEASING = YES;
				CLANG_WARN_BOOL_CONVERSION = YES;
				CLANG_WARN_COMMA = YES;
				CLANG_WARN_CONSTANT_CONVERSION = YES;
				CLANG_WARN_DEPRECATED_OBJC_IMPLEMENTATIONS = YES;
				CLANG_WARN_DIRECT_OBJC_ISA_USAGE = YES_ERROR;
				CLANG_WARN_DOCUMENTATION_COMMENTS = YES;
				CLANG_WARN_EMPTY_BODY = YES;
				CLANG_WARN_ENUM_CONVERSION = YES;
				CLANG_WARN_INFINITE_RECURSION = YES;
				CLANG_WARN_INT_CONVERSION = YES;
				CLANG_WARN_NON_LITERAL_NULL_CONVERSION = YES;
				CLANG_WARN_OBJC_IMPLICIT_RETAIN_SELF = YES;
				CLANG_WARN_OBJC_LITERAL_CONVERSION = YES;
				CLANG_WARN_OBJC_ROOT_CLASS = YES_ERROR;
				CLANG_WARN_QUOTED_INCLUDE_IN_FRAMEWORK_HEADER = YES;
				CLANG_WARN_RANGE_LOOP_ANALYSIS = YES;
				CLANG_WARN_STRICT_PROTOTYPES = YES;
				CLANG_WARN_SUSPICIOUS_MOVE = YES;
				CLANG_WARN_UNGUARDED_AVAILABILITY = YES_AGGRESSIVE;
				CLANG_WARN_UNREACHABLE_CODE = YES;
				CLANG_WARN__DUPLICATE_METHOD_MATCH = YES;
				COPY_PHASE_STRIP = NO;
				DEBUG_INFORMATION_FORMAT = "dwarf-with-dsym";
				ENABLE_NS_ASSERTIONS = NO;
				ENABLE_STRICT_OBJC_MSGSEND = YES;
				GCC_C_LANGUAGE_STANDARD = gnu11;
				GCC_NO_COMMON_BLOCKS = YES;
				GCC_WARN_64_TO_32_BIT_CONVERSION = YES;
				GCC_WARN_ABOUT_RETURN_TYPE = YES_ERROR;
				GCC_WARN_UNDECLARED_SELECTOR = YES;
				GCC_WARN_UNINITIALIZED_AUTOS = YES_AGGRESSIVE;
				GCC_WARN_UNUSED_FUNCTION = YES;
				GCC_WARN_UNUSED_VARIABLE = YES;
				IPHONEOS_DEPLOYMENT_TARGET = 15.2;
				MTL_ENABLE_DEBUG_INFO = NO;
				MTL_FAST_MATH = YES;
				SDKROOT = iphoneos;
				SWIFT_COMPILATION_MODE = wholemodule;
				SWIFT_OPTIMIZATION_LEVEL = "-O";
				VALIDATE_PRODUCT = YES;
			};
			name = Release;
		};
		1F524711288FEFFC0092DCB6 /* Debug */ = {
			isa = XCBuildConfiguration;
			buildSettings = {
				ASSETCATALOG_COMPILER_APPICON_NAME = AppIcon;
				ASSETCATALOG_COMPILER_GLOBAL_ACCENT_COLOR_NAME = AccentColor;
				CODE_SIGN_STYLE = Automatic;
				CURRENT_PROJECT_VERSION = 1;
				DEVELOPMENT_TEAM = P3J5BRP5A7;
				GENERATE_INFOPLIST_FILE = YES;
				INFOPLIST_FILE = FlowerPower/Info.plist;
				INFOPLIST_KEY_UIApplicationSupportsIndirectInputEvents = YES;
				INFOPLIST_KEY_UILaunchStoryboardName = LaunchScreen;
				INFOPLIST_KEY_UIMainStoryboardFile = Main;
				INFOPLIST_KEY_UISupportedInterfaceOrientations_iPad = "UIInterfaceOrientationPortrait UIInterfaceOrientationPortraitUpsideDown UIInterfaceOrientationLandscapeLeft UIInterfaceOrientationLandscapeRight";
				INFOPLIST_KEY_UISupportedInterfaceOrientations_iPhone = "UIInterfaceOrientationPortrait UIInterfaceOrientationLandscapeLeft UIInterfaceOrientationLandscapeRight";
				LD_RUNPATH_SEARCH_PATHS = (
					"$(inherited)",
					"@executable_path/Frameworks",
				);
				MARKETING_VERSION = 1.0;
				PRODUCT_BUNDLE_IDENTIFIER = com.madalina.FlowerPower;
				PRODUCT_NAME = "$(TARGET_NAME)";
				SWIFT_EMIT_LOC_STRINGS = YES;
				SWIFT_VERSION = 5.0;
				TARGETED_DEVICE_FAMILY = "1,2";
			};
			name = Debug;
		};
		1F524712288FEFFC0092DCB6 /* Release */ = {
			isa = XCBuildConfiguration;
			buildSettings = {
				ASSETCATALOG_COMPILER_APPICON_NAME = AppIcon;
				ASSETCATALOG_COMPILER_GLOBAL_ACCENT_COLOR_NAME = AccentColor;
				CODE_SIGN_STYLE = Automatic;
				CURRENT_PROJECT_VERSION = 1;
				DEVELOPMENT_TEAM = P3J5BRP5A7;
				GENERATE_INFOPLIST_FILE = YES;
				INFOPLIST_FILE = FlowerPower/Info.plist;
				INFOPLIST_KEY_UIApplicationSupportsIndirectInputEvents = YES;
				INFOPLIST_KEY_UILaunchStoryboardName = LaunchScreen;
				INFOPLIST_KEY_UIMainStoryboardFile = Main;
				INFOPLIST_KEY_UISupportedInterfaceOrientations_iPad = "UIInterfaceOrientationPortrait UIInterfaceOrientationPortraitUpsideDown UIInterfaceOrientationLandscapeLeft UIInterfaceOrientationLandscapeRight";
				INFOPLIST_KEY_UISupportedInterfaceOrientations_iPhone = "UIInterfaceOrientationPortrait UIInterfaceOrientationLandscapeLeft UIInterfaceOrientationLandscapeRight";
				LD_RUNPATH_SEARCH_PATHS = (
					"$(inherited)",
					"@executable_path/Frameworks",
				);
				MARKETING_VERSION = 1.0;
				PRODUCT_BUNDLE_IDENTIFIER = com.madalina.FlowerPower;
				PRODUCT_NAME = "$(TARGET_NAME)";
				SWIFT_EMIT_LOC_STRINGS = YES;
				SWIFT_VERSION = 5.0;
				TARGETED_DEVICE_FAMILY = "1,2";
			};
			name = Release;
		};
		1F524714288FEFFC0092DCB6 /* Debug */ = {
			isa = XCBuildConfiguration;
			buildSettings = {
				ALWAYS_EMBED_SWIFT_STANDARD_LIBRARIES = YES;
				BUNDLE_LOADER = "$(TEST_HOST)";
				CODE_SIGN_STYLE = Automatic;
				CURRENT_PROJECT_VERSION = 1;
				DEVELOPMENT_TEAM = P3J5BRP5A7;
				GENERATE_INFOPLIST_FILE = YES;
				IPHONEOS_DEPLOYMENT_TARGET = 15.2;
				MARKETING_VERSION = 1.0;
				PRODUCT_BUNDLE_IDENTIFIER = com.madalina.FlowerPowerTests;
				PRODUCT_NAME = "$(TARGET_NAME)";
				SWIFT_EMIT_LOC_STRINGS = NO;
				SWIFT_VERSION = 5.0;
				TARGETED_DEVICE_FAMILY = "1,2";
				TEST_HOST = "$(BUILT_PRODUCTS_DIR)/FlowerPower.app/FlowerPower";
			};
			name = Debug;
		};
		1F524715288FEFFC0092DCB6 /* Release */ = {
			isa = XCBuildConfiguration;
			buildSettings = {
				ALWAYS_EMBED_SWIFT_STANDARD_LIBRARIES = YES;
				BUNDLE_LOADER = "$(TEST_HOST)";
				CODE_SIGN_STYLE = Automatic;
				CURRENT_PROJECT_VERSION = 1;
				DEVELOPMENT_TEAM = P3J5BRP5A7;
				GENERATE_INFOPLIST_FILE = YES;
				IPHONEOS_DEPLOYMENT_TARGET = 15.2;
				MARKETING_VERSION = 1.0;
				PRODUCT_BUNDLE_IDENTIFIER = com.madalina.FlowerPowerTests;
				PRODUCT_NAME = "$(TARGET_NAME)";
				SWIFT_EMIT_LOC_STRINGS = NO;
				SWIFT_VERSION = 5.0;
				TARGETED_DEVICE_FAMILY = "1,2";
				TEST_HOST = "$(BUILT_PRODUCTS_DIR)/FlowerPower.app/FlowerPower";
			};
			name = Release;
		};
/* End XCBuildConfiguration section */

/* Begin XCConfigurationList section */
		1F5246E1288FEFF70092DCB6 /* Build configuration list for PBXProject "FlowerPower" */ = {
			isa = XCConfigurationList;
			buildConfigurations = (
				1F52470E288FEFFC0092DCB6 /* Debug */,
				1F52470F288FEFFC0092DCB6 /* Release */,
			);
			defaultConfigurationIsVisible = 0;
			defaultConfigurationName = Release;
		};
		1F524710288FEFFC0092DCB6 /* Build configuration list for PBXNativeTarget "FlowerPower" */ = {
			isa = XCConfigurationList;
			buildConfigurations = (
				1F524711288FEFFC0092DCB6 /* Debug */,
				1F524712288FEFFC0092DCB6 /* Release */,
			);
			defaultConfigurationIsVisible = 0;
			defaultConfigurationName = Release;
		};
		1F524713288FEFFC0092DCB6 /* Build configuration list for PBXNativeTarget "FlowerPowerTests" */ = {
			isa = XCConfigurationList;
			buildConfigurations = (
				1F524714288FEFFC0092DCB6 /* Debug */,
				1F524715288FEFFC0092DCB6 /* Release */,
			);
			defaultConfigurationIsVisible = 0;
			defaultConfigurationName = Release;
		};
/* End XCConfigurationList section */
	};
	rootObject = 1F5246DE288FEFF70092DCB6 /* Project object */;
}
