// !$*UTF8*$!
{
	archiveVersion = 1;
	classes = {
	};
	objectVersion = 55;
	objects = {

/* Begin PBXBuildFile section */
		1F5246EA288FEFF70092DCB6 /* AppDelegate.swift in Sources */ = {isa = PBXBuildFile; fileRef = 1F5246E9288FEFF70092DCB6 /* AppDelegate.swift */; };
		1F5246EC288FEFF70092DCB6 /* SceneDelegate.swift in Sources */ = {isa = PBXBuildFile; fileRef = 1F5246EB288FEFF70092DCB6 /* SceneDelegate.swift */; };
		1F5246EE288FEFF70092DCB6 /* ViewController.swift in Sources */ = {isa = PBXBuildFile; fileRef = 1F5246ED288FEFF70092DCB6 /* ViewController.swift */; };
		1F5246F1288FEFF70092DCB6 /* Main.storyboard in Resources */ = {isa = PBXBuildFile; fileRef = 1F5246EF288FEFF70092DCB6 /* Main.storyboard */; };
		1F5246F3288FEFFC0092DCB6 /* Assets.xcassets in Resources */ = {isa = PBXBuildFile; fileRef = 1F5246F2288FEFFC0092DCB6 /* Assets.xcassets */; };
		1F5246F6288FEFFC0092DCB6 /* LaunchScreen.storyboard in Resources */ = {isa = PBXBuildFile; fileRef = 1F5246F4288FEFFC0092DCB6 /* LaunchScreen.storyboard */; };
		1F524701288FEFFC0092DCB6 /* FlowerPowerTests.swift in Sources */ = {isa = PBXBuildFile; fileRef = 1F524700288FEFFC0092DCB6 /* FlowerPowerTests.swift */; };
/* End PBXBuildFile section */

/* Begin PBXContainerItemProxy section */
		1F5246FD288FEFFC0092DCB6 /* PBXContainerItemProxy */ = {
			isa = PBXContainerItemProxy;
			containerPortal = 1F5246DE288FEFF70092DCB6 /* Project object */;
			proxyType = 1;
			remoteGlobalIDString = 1F5246E5288FEFF70092DCB6;
			remoteInfo = FlowerPower;
		};
/* End PBXContainerItemProxy section */

/* Begin PBXFileReference section */
		1F5246E6288FEFF70092DCB6 /* FlowerPower.app */ = {isa = PBXFileReference; explicitFileType = wrapper.application; includeInIndex = 0; path = FlowerPower.app; sourceTree = BUILT_PRODUCTS_DIR; };
		1F5246E9288FEFF70092DCB6 /* AppDelegate.swift */ = {isa = PBXFileReference; lastKnownFileType = sourcecode.swift; path = AppDelegate.swift; sourceTree = "<group>"; };
		1F5246EB288FEFF70092DCB6 /* SceneDelegate.swift */ = {isa = PBXFileReference; lastKnownFileType = sourcecode.swift; path = SceneDelegate.swift; sourceTree = "<group>"; };
		1F5246ED288FEFF70092DCB6 /* ViewController.swift */ = {isa = PBXFileReference; lastKnownFileType = sourcecode.swift; path = ViewController.swift; sourceTree = "<group>"; };
		1F5246F0288FEFF70092DCB6 /* Base */ = {isa = PBXFileReference; lastKnownFileType = file.storyboard; name = Base; path = Base.lproj/Main.storyboard; sourceTree = "<group>"; };
		1F5246F2288FEFFC0092DCB6 /* Assets.xcassets */ = {isa = PBXFileReference; lastKnownFileType = folder.assetcatalog; path = Assets.xcassets; sourceTree = "<group>"; };
		1F5246F5288FEFFC0092DCB6 /* Base */ = {isa = PBXFileReference; lastKnownFileType = file.storyboard; name = Base; path = Base.lproj/LaunchScreen.storyboard; sourceTree = "<group>"; };
		1F5246F7288FEFFC0092DCB6 /* Info.plist */ = {isa = PBXFileReference; lastKnownFileType = text.plist.xml; path = Info.plist; sourceTree = "<group>"; };
		1F5246FC288FEFFC0092DCB6 /* FlowerPowerTests.xctest */ = {isa = PBXFileReference; explicitFileType = wrapper.cfbundle; includeInIndex = 0; path = FlowerPowerTests.xctest; sourceTree = BUILT_PRODUCTS_DIR; };
		1F524700288FEFFC0092DCB6 /* FlowerPowerTests.swift */ = {isa = PBXFileReference; lastKnownFileType = sourcecode.swift; path = FlowerPowerTests.swift; sourceTree = "<group>"; };
/* End PBXFileReference section */

/* Begin PBXFrameworksBuildPhase section */
		1F5246E3288FEFF70092DCB6 /* Frameworks */ = {
			isa = PBXFrameworksBuildPhase;
			buildActionMask = 2147483647;
			files = (
			);
			runOnlyForDeploymentPostprocessing = 0;
		};
		1F5246F9288FEFFC0092DCB6 /* Frameworks */ = {
			isa = PBXFrameworksBuildPhase;
			buildActionMask = 2147483647;
			files = (
			);
			runOnlyForDeploymentPostprocessing = 0;
		};
/* End PBXFrameworksBuildPhase section */

/* Begin PBXGroup section */
		1F5246DD288FEFF70092DCB6 = {
			isa = PBXGroup;
			children = (
				1F5246E8288FEFF70092DCB6 /* FlowerPower */,
				1F5246FF288FEFFC0092DCB6 /* FlowerPowerTests */,
				1F5246E7288FEFF70092DCB6 /* Products */,
			);
			sourceTree = "<group>";
		};
		1F5246E7288FEFF70092DCB6 /* Products */ = {
			isa = PBXGroup;
			children = (
				1F5246E6288FEFF70092DCB6 /* FlowerPower.app */,
				1F5246FC288FEFFC0092DCB6 /* FlowerPowerTests.xctest */,
			);
			name = Products;
			sourceTree = "<group>";
		};
		1F5246E8288FEFF70092DCB6 /* FlowerPower */ = {
			isa = PBXGroup;
			children = (
				1F5246E9288FEFF70092DCB6 /* AppDelegate.swift */,
				1F5246EB288FEFF70092DCB6 /* SceneDelegate.swift */,
				1F5246ED288FEFF70092DCB6 /* ViewController.swift */,
				1F5246EF288FEFF70092DCB6 /* Main.storyboard */,
				1F5246F2288FEFFC0092DCB6 /* Assets.xcassets */,
				1F5246F4288FEFFC0092DCB6 /* LaunchScreen.storyboard */,
				1F5246F7288FEFFC0092DCB6 /* Info.plist */,
			);
			path = FlowerPower;
			sourceTree = "<group>";
		};
		1F5246FF288FEFFC0092DCB6 /* FlowerPowerTests */ = {
			isa = PBXGroup;
			children = (
				1F524700288FEFFC0092DCB6 /* FlowerPowerTests.swift */,
			);
			path = FlowerPowerTests;
			sourceTree = "<group>";
		};
/* End PBXGroup section */

/* Begin PBXNativeTarget section */
		1F5246E5288FEFF70092DCB6 /* FlowerPower */ = {
			isa = PBXNativeTarget;
			buildConfigurationList = 1F524710288FEFFC0092DCB6 /* Build configuration list for PBXNativeTarget "FlowerPower" */;
			buildPhases = (
				1F5246E2288FEFF70092DCB6 /* Sources */,
				1F5246E3288FEFF70092DCB6 /* Frameworks */,
				1F5246E4288FEFF70092DCB6 /* Resources */,
			);
			buildRules = (
			);
			dependencies = (
			);
			name = FlowerPower;
			productName = FlowerPower;
			productReference = 1F5246E6288FEFF70092DCB6 /* FlowerPower.app */;
			productType = "com.apple.product-type.application";
		};
		1F5246FB288FEFFC0092DCB6 /* FlowerPowerTests */ = {
			isa = PBXNativeTarget;
			buildConfigurationList = 1F524713288FEFFC0092DCB6 /* Build configuration list for PBXNativeTarget "FlowerPowerTests" */;
			buildPhases = (
				1F5246F8288FEFFC0092DCB6 /* Sources */,
				1F5246F9288FEFFC0092DCB6 /* Frameworks */,
				1F5246FA288FEFFC0092DCB6 /* Resources */,
			);
			buildRules = (
			);
			dependencies = (
				1F5246FE288FEFFC0092DCB6 /* PBXTargetDependency */,
			);
			name = FlowerPowerTests;
			productName = FlowerPowerTests;
			productReference = 1F5246FC288FEFFC0092DCB6 /* FlowerPowerTests.xctest */;
			productType = "com.apple.product-type.bundle.unit-test";
		};
/* End PBXNativeTarget section */

/* Begin PBXProject section */
		1F5246DE288FEFF70092DCB6 /* Project object */ = {
			isa = PBXProject;
			attributes = {
				BuildIndependentTargetsInParallel = 1;
				LastSwiftUpdateCheck = 1320;
				LastUpgradeCheck = 1320;
				TargetAttributes = {
					1F5246E5288FEFF70092DCB6 = {
						CreatedOnToolsVersion = 13.2.1;
					};
					1F5246FB288FEFFC0092DCB6 = {
						CreatedOnToolsVersion = 13.2.1;
						TestTargetID = 1F5246E5288FEFF70092DCB6;
					};
				};
			};
			buildConfigurationList = 1F5246E1288FEFF70092DCB6 /* Build configuration list for PBXProject "FlowerPower" */;
			compatibilityVersion = "Xcode 13.0";
			developmentRegion = en;
			hasScannedForEncodings = 0;
			knownRegions = (
				en,
				Base,
			);
			mainGroup = 1F5246DD288FEFF70092DCB6;
			productRefGroup = 1F5246E7288FEFF70092DCB6 /* Products */;
			projectDirPath = "";
			projectRoot = "";
			targets = (
				1F5246E5288FEFF70092DCB6 /* FlowerPower */,
				1F5246FB288FEFFC0092DCB6 /* FlowerPowerTests */,
			);
		};
/* End PBXProject section */

/* Begin PBXResourcesBuildPhase section */
		1F5246E4288FEFF70092DCB6 /* Resources */ = {
			isa = PBXResourcesBuildPhase;
			buildActionMask = 2147483647;
			files = (
				1F5246F6288FEFFC0092DCB6 /* LaunchScreen.storyboard in Resources */,
				1F5246F3288FEFFC0092DCB6 /* Assets.xcassets in Resources */,
				1F5246F1288FEFF70092DCB6 /* Main.storyboard in Resources */,
			);
			runOnlyForDeploymentPostprocessing = 0;
		};
		1F5246FA288FEFFC0092DCB6 /* Resources */ = {
			isa = PBXResourcesBuildPhase;
			buildActionMask = 2147483647;
			files = (
			);
			runOnlyForDeploymentPostprocessing = 0;
		};
/* End PBXResourcesBuildPhase section */

/* Begin PBXSourcesBuildPhase section */
		1F5246E2288FEFF70092DCB6 /* Sources */ = {
			isa = PBXSourcesBuildPhase;
			buildActionMask = 2147483647;
			files = (
				1F5246EE288FEFF70092DCB6 /* ViewController.swift in Sources */,
				1F5246EA288FEFF70092DCB6 /* AppDelegate.swift in Sources */,
				1F5246EC288FEFF70092DCB6 /* SceneDelegate.swift in Sources */,
			);
			runOnlyForDeploymentPostprocessing = 0;
		};
		1F5246F8288FEFFC0092DCB6 /* Sources */ = {
			isa = PBXSourcesBuildPhase;
			buildActionMask = 2147483647;
			files = (
				1F524701288FEFFC0092DCB6 /* FlowerPowerTests.swift in Sources */,
			);
			runOnlyForDeploymentPostprocessing = 0;
		};
/* End PBXSourcesBuildPhase section */

/* Begin PBXTargetDependency section */
		1F5246FE288FEFFC0092DCB6 /* PBXTargetDependency */ = {
			isa = PBXTargetDependency;
			target = 1F5246E5288FEFF70092DCB6 /* FlowerPower */;
			targetProxy = 1F5246FD288FEFFC0092DCB6 /* PBXContainerItemProxy */;
		};
/* End PBXTargetDependency section */

/* Begin PBXVariantGroup section */
		1F5246EF288FEFF70092DCB6 /* Main.storyboard */ = {
			isa = PBXVariantGroup;
			children = (
				1F5246F0288FEFF70092DCB6 /* Base */,
			);
			name = Main.storyboard;
			sourceTree = "<group>";
		};
		1F5246F4288FEFFC0092DCB6 /* LaunchScreen.storyboard */ = {
			isa = PBXVariantGroup;
			children = (
				1F5246F5288FEFFC0092DCB6 /* Base */,
			);
			name = LaunchScreen.storyboard;
			sourceTree = "<group>";
		};
/* End PBXVariantGroup section */

/* Begin XCBuildConfiguration section */
		1F52470E288FEFFC0092DCB6 /* Debug */ = {
			isa = XCBuildConfiguration;
			buildSettings = {
				ALWAYS_SEARCH_USER_PATHS = NO;
				CLANG_ANALYZER_NONNULL = YES;
				CLANG_ANALYZER_NUMBER_OBJECT_CONVERSION = YES_AGGRESSIVE;
				CLANG_CXX_LANGUAGE_STANDARD = "gnu++17";
				CLANG_CXX_LIBRARY = "libc++";
				CLANG_ENABLE_MODULES = YES;
				CLANG_ENABLE_OBJC_ARC = YES;
				CLANG_ENABLE_OBJC_WEAK = YES;
				CLANG_WARN_BLOCK_CAPTURE_AUTORELEASING = YES;
				CLANG_WARN_BOOL_CONVERSION = YES;
				CLANG_WARN_COMMA = YES;
				CLANG_WARN_CONSTANT_CONVERSION = YES;
				CLANG_WARN_DEPRECATED_OBJC_IMPLEMENTATIONS = YES;
				CLANG_WARN_DIRECT_OBJC_ISA_USAGE = YES_ERROR;
				CLANG_WARN_DOCUMENTATION_COMMENTS = YES;
				CLANG_WARN_EMPTY_BODY = YES;
				CLANG_WARN_ENUM_CONVERSION = YES;
				CLANG_WARN_INFINITE_RECURSION = YES;
				CLANG_WARN_INT_CONVERSION = YES;
				CLANG_WARN_NON_LITERAL_NULL_CONVERSION = YES;
				CLANG_WARN_OBJC_IMPLICIT_RETAIN_SELF = YES;
				CLANG_WARN_OBJC_LITERAL_CONVERSION = YES;
				CLANG_WARN_OBJC_ROOT_CLASS = YES_ERROR;
				CLANG_WARN_QUOTED_INCLUDE_IN_FRAMEWORK_HEADER = YES;
				CLANG_WARN_RANGE_LOOP_ANALYSIS = YES;
				CLANG_WARN_STRICT_PROTOTYPES = YES;
				CLANG_WARN_SUSPICIOUS_MOVE = YES;
				CLANG_WARN_UNGUARDED_AVAILABILITY = YES_AGGRESSIVE;
				CLANG_WARN_UNREACHABLE_CODE = YES;
				CLANG_WARN__DUPLICATE_METHOD_MATCH = YES;
				COPY_PHASE_STRIP = NO;
				DEBUG_INFORMATION_FORMAT = dwarf;
				ENABLE_STRICT_OBJC_MSGSEND = YES;
				ENABLE_TESTABILITY = YES;
				GCC_C_LANGUAGE_STANDARD = gnu11;
				GCC_DYNAMIC_NO_PIC = NO;
				GCC_NO_COMMON_BLOCKS = YES;
				GCC_OPTIMIZATION_LEVEL = 0;
				GCC_PREPROCESSOR_DEFINITIONS = (
					"DEBUG=1",
					"$(inherited)",
				);
				GCC_WARN_64_TO_32_BIT_CONVERSION = YES;
				GCC_WARN_ABOUT_RETURN_TYPE = YES_ERROR;
				GCC_WARN_UNDECLARED_SELECTOR = YES;
				GCC_WARN_UNINITIALIZED_AUTOS = YES_AGGRESSIVE;
				GCC_WARN_UNUSED_FUNCTION = YES;
				GCC_WARN_UNUSED_VARIABLE = YES;
				IPHONEOS_DEPLOYMENT_TARGET = 15.2;
				MTL_ENABLE_DEBUG_INFO = INCLUDE_SOURCE;
				MTL_FAST_MATH = YES;
				ONLY_ACTIVE_ARCH = YES;
				SDKROOT = iphoneos;
				SWIFT_ACTIVE_COMPILATION_CONDITIONS = DEBUG;
				SWIFT_OPTIMIZATION_LEVEL = "-Onone";
			};
			name = Debug;
		};
		1F52470F288FEFFC0092DCB6 /* Release */ = {
			isa = XCBuildConfiguration;
			buildSettings = {
				ALWAYS_SEARCH_USER_PATHS = NO;
				CLANG_ANALYZER_NONNULL = YES;
				CLANG_ANALYZER_NUMBER_OBJECT_CONVERSION = YES_AGGRESSIVE;
				CLANG_CXX_LANGUAGE_STANDARD = "gnu++17";
				CLANG_CXX_LIBRARY = "libc++";
				CLANG_ENABLE_MODULES = YES;
				CLANG_ENABLE_OBJC_ARC = YES;
				CLANG_ENABLE_OBJC_WEAK = YES;
				CLANG_WARN_BLOCK_CAPTURE_AUTORELEASING = YES;
				CLANG_WARN_BOOL_CONVERSION = YES;
				CLANG_WARN_COMMA = YES;
				CLANG_WARN_CONSTANT_CONVERSION = YES;
				CLANG_WARN_DEPRECATED_OBJC_IMPLEMENTATIONS = YES;
				CLANG_WARN_DIRECT_OBJC_ISA_USAGE = YES_ERROR;
				CLANG_WARN_DOCUMENTATION_COMMENTS = YES;
				CLANG_WARN_EMPTY_BODY = YES;
				CLANG_WARN_ENUM_CONVERSION = YES;
				CLANG_WARN_INFINITE_RECURSION = YES;
				CLANG_WARN_INT_CONVERSION = YES;
				CLANG_WARN_NON_LITERAL_NULL_CONVERSION = YES;
				CLANG_WARN_OBJC_IMPLICIT_RETAIN_SELF = YES;
				CLANG_WARN_OBJC_LITERAL_CONVERSION = YES;
				CLANG_WARN_OBJC_ROOT_CLASS = YES_ERROR;
				CLANG_WARN_QUOTED_INCLUDE_IN_FRAMEWORK_HEADER = YES;
				CLANG_WARN_RANGE_LOOP_ANALYSIS = YES;
				CLANG_WARN_STRICT_PROTOTYPES = YES;
				CLANG_WARN_SUSPICIOUS_MOVE = YES;
				CLANG_WARN_UNGUARDED_AVAILABILITY = YES_AGGRESSIVE;
				CLANG_WARN_UNREACHABLE_CODE = YES;
				CLANG_WARN__DUPLICATE_METHOD_MATCH = YES;
				COPY_PHASE_STRIP = NO;
				DEBUG_INFORMATION_FORMAT = "dwarf-with-dsym";
				ENABLE_NS_ASSERTIONS = NO;
				ENABLE_STRICT_OBJC_MSGSEND = YES;
				GCC_C_LANGUAGE_STANDARD = gnu11;
				GCC_NO_COMMON_BLOCKS = YES;
				GCC_WARN_64_TO_32_BIT_CONVERSION = YES;
				GCC_WARN_ABOUT_RETURN_TYPE = YES_ERROR;
				GCC_WARN_UNDECLARED_SELECTOR = YES;
				GCC_WARN_UNINITIALIZED_AUTOS = YES_AGGRESSIVE;
				GCC_WARN_UNUSED_FUNCTION = YES;
				GCC_WARN_UNUSED_VARIABLE = YES;
				IPHONEOS_DEPLOYMENT_TARGET = 15.2;
				MTL_ENABLE_DEBUG_INFO = NO;
				MTL_FAST_MATH = YES;
				SDKROOT = iphoneos;
				SWIFT_COMPILATION_MODE = wholemodule;
				SWIFT_OPTIMIZATION_LEVEL = "-O";
				VALIDATE_PRODUCT = YES;
			};
			name = Release;
		};
		1F524711288FEFFC0092DCB6 /* Debug */ = {
			isa = XCBuildConfiguration;
			buildSettings = {
				ASSETCATALOG_COMPILER_APPICON_NAME = AppIcon;
				ASSETCATALOG_COMPILER_GLOBAL_ACCENT_COLOR_NAME = AccentColor;
				CODE_SIGN_STYLE = Automatic;
				CURRENT_PROJECT_VERSION = 1;
				DEVELOPMENT_TEAM = P3J5BRP5A7;
				GENERATE_INFOPLIST_FILE = YES;
				INFOPLIST_FILE = FlowerPower/Info.plist;
				INFOPLIST_KEY_UIApplicationSupportsIndirectInputEvents = YES;
				INFOPLIST_KEY_UILaunchStoryboardName = LaunchScreen;
				INFOPLIST_KEY_UIMainStoryboardFile = Main;
				INFOPLIST_KEY_UISupportedInterfaceOrientations_iPad = "UIInterfaceOrientationPortrait UIInterfaceOrientationPortraitUpsideDown UIInterfaceOrientationLandscapeLeft UIInterfaceOrientationLandscapeRight";
				INFOPLIST_KEY_UISupportedInterfaceOrientations_iPhone = "UIInterfaceOrientationPortrait UIInterfaceOrientationLandscapeLeft UIInterfaceOrientationLandscapeRight";
				LD_RUNPATH_SEARCH_PATHS = (
					"$(inherited)",
					"@executable_path/Frameworks",
				);
				MARKETING_VERSION = 1.0;
				PRODUCT_BUNDLE_IDENTIFIER = com.madalina.FlowerPower;
				PRODUCT_NAME = "$(TARGET_NAME)";
				SWIFT_EMIT_LOC_STRINGS = YES;
				SWIFT_VERSION = 5.0;
				TARGETED_DEVICE_FAMILY = "1,2";
			};
			name = Debug;
		};
		1F524712288FEFFC0092DCB6 /* Release */ = {
			isa = XCBuildConfiguration;
			buildSettings = {
				ASSETCATALOG_COMPILER_APPICON_NAME = AppIcon;
				ASSETCATALOG_COMPILER_GLOBAL_ACCENT_COLOR_NAME = AccentColor;
				CODE_SIGN_STYLE = Automatic;
				CURRENT_PROJECT_VERSION = 1;
				DEVELOPMENT_TEAM = P3J5BRP5A7;
				GENERATE_INFOPLIST_FILE = YES;
				INFOPLIST_FILE = FlowerPower/Info.plist;
				INFOPLIST_KEY_UIApplicationSupportsIndirectInputEvents = YES;
				INFOPLIST_KEY_UILaunchStoryboardName = LaunchScreen;
				INFOPLIST_KEY_UIMainStoryboardFile = Main;
				INFOPLIST_KEY_UISupportedInterfaceOrientations_iPad = "UIInterfaceOrientationPortrait UIInterfaceOrientationPortraitUpsideDown UIInterfaceOrientationLandscapeLeft UIInterfaceOrientationLandscapeRight";
				INFOPLIST_KEY_UISupportedInterfaceOrientations_iPhone = "UIInterfaceOrientationPortrait UIInterfaceOrientationLandscapeLeft UIInterfaceOrientationLandscapeRight";
				LD_RUNPATH_SEARCH_PATHS = (
					"$(inherited)",
					"@executable_path/Frameworks",
				);
				MARKETING_VERSION = 1.0;
				PRODUCT_BUNDLE_IDENTIFIER = com.madalina.FlowerPower;
				PRODUCT_NAME = "$(TARGET_NAME)";
				SWIFT_EMIT_LOC_STRINGS = YES;
				SWIFT_VERSION = 5.0;
				TARGETED_DEVICE_FAMILY = "1,2";
			};
			name = Release;
		};
		1F524714288FEFFC0092DCB6 /* Debug */ = {
			isa = XCBuildConfiguration;
			buildSettings = {
				ALWAYS_EMBED_SWIFT_STANDARD_LIBRARIES = YES;
				BUNDLE_LOADER = "$(TEST_HOST)";
				CODE_SIGN_STYLE = Automatic;
				CURRENT_PROJECT_VERSION = 1;
				DEVELOPMENT_TEAM = P3J5BRP5A7;
				GENERATE_INFOPLIST_FILE = YES;
				IPHONEOS_DEPLOYMENT_TARGET = 15.2;
				MARKETING_VERSION = 1.0;
				PRODUCT_BUNDLE_IDENTIFIER = com.madalina.FlowerPowerTests;
				PRODUCT_NAME = "$(TARGET_NAME)";
				SWIFT_EMIT_LOC_STRINGS = NO;
				SWIFT_VERSION = 5.0;
				TARGETED_DEVICE_FAMILY = "1,2";
				TEST_HOST = "$(BUILT_PRODUCTS_DIR)/FlowerPower.app/FlowerPower";
			};
			name = Debug;
		};
		1F524715288FEFFC0092DCB6 /* Release */ = {
			isa = XCBuildConfiguration;
			buildSettings = {
				ALWAYS_EMBED_SWIFT_STANDARD_LIBRARIES = YES;
				BUNDLE_LOADER = "$(TEST_HOST)";
				CODE_SIGN_STYLE = Automatic;
				CURRENT_PROJECT_VERSION = 1;
				DEVELOPMENT_TEAM = P3J5BRP5A7;
				GENERATE_INFOPLIST_FILE = YES;
				IPHONEOS_DEPLOYMENT_TARGET = 15.2;
				MARKETING_VERSION = 1.0;
				PRODUCT_BUNDLE_IDENTIFIER = com.madalina.FlowerPowerTests;
				PRODUCT_NAME = "$(TARGET_NAME)";
				SWIFT_EMIT_LOC_STRINGS = NO;
				SWIFT_VERSION = 5.0;
				TARGETED_DEVICE_FAMILY = "1,2";
				TEST_HOST = "$(BUILT_PRODUCTS_DIR)/FlowerPower.app/FlowerPower";
			};
			name = Release;
		};
/* End XCBuildConfiguration section */

/* Begin XCConfigurationList section */
		1F5246E1288FEFF70092DCB6 /* Build configuration list for PBXProject "FlowerPower" */ = {
			isa = XCConfigurationList;
			buildConfigurations = (
				1F52470E288FEFFC0092DCB6 /* Debug */,
				1F52470F288FEFFC0092DCB6 /* Release */,
			);
			defaultConfigurationIsVisible = 0;
			defaultConfigurationName = Release;
		};
		1F524710288FEFFC0092DCB6 /* Build configuration list for PBXNativeTarget "FlowerPower" */ = {
			isa = XCConfigurationList;
			buildConfigurations = (
				1F524711288FEFFC0092DCB6 /* Debug */,
				1F524712288FEFFC0092DCB6 /* Release */,
			);
			defaultConfigurationIsVisible = 0;
			defaultConfigurationName = Release;
		};
		1F524713288FEFFC0092DCB6 /* Build configuration list for PBXNativeTarget "FlowerPowerTests" */ = {
			isa = XCConfigurationList;
			buildConfigurations = (
				1F524714288FEFFC0092DCB6 /* Debug */,
				1F524715288FEFFC0092DCB6 /* Release */,
			);
			defaultConfigurationIsVisible = 0;
			defaultConfigurationName = Release;
		};
/* End XCConfigurationList section */
	};
	rootObject = 1F5246DE288FEFF70092DCB6 /* Project object */;
}
